# This file is automatically @generated by Poetry 1.8.3 and should not be changed by hand.

[[package]]
name = "awscrt"
version = "0.24.1"
description = "A common runtime for AWS Python projects"
optional = false
python-versions = ">=3.8"
files = [
    {file = "awscrt-0.24.1-cp310-cp310-macosx_10_9_universal2.whl", hash = "sha256:3f1ef31fee60c2c684580964f79c539d6aac47d5de8685b1d99e64aeeed4bd82"},
    {file = "awscrt-0.24.1-cp310-cp310-manylinux_2_17_aarch64.manylinux2014_aarch64.whl", hash = "sha256:6f066b70d852adba99882bf62159a65d9409fef92222d4e6f7d0f6eb8bc163f1"},
    {file = "awscrt-0.24.1-cp310-cp310-manylinux_2_17_x86_64.manylinux2014_x86_64.whl", hash = "sha256:5d9e036efdefe88da95ccb797af98bdd3d134d3e6622e7583c522a269153cd61"},
    {file = "awscrt-0.24.1-cp310-cp310-musllinux_1_1_aarch64.whl", hash = "sha256:489736f7723f6434ea0d0e00fc2cc9066556d7addf754c3cf931c9310fe48d38"},
    {file = "awscrt-0.24.1-cp310-cp310-musllinux_1_1_x86_64.whl", hash = "sha256:ff880fffb5538865ca628669d9e2f73421450922511a17c37e2edcc0243715d0"},
    {file = "awscrt-0.24.1-cp310-cp310-win32.whl", hash = "sha256:1958afa31c9886057c94a9971c616e8144977b9fe9ed78390fdedaa56885ade6"},
    {file = "awscrt-0.24.1-cp310-cp310-win_amd64.whl", hash = "sha256:5628e6030e774933674230bd5a3e120312ddece4a35f4b11a0dae081443af8ec"},
    {file = "awscrt-0.24.1-cp311-abi3-macosx_10_9_universal2.whl", hash = "sha256:e0eb21d5b5075242d04d7ca60dd16d8e207df429b468532b1e449670456c043a"},
    {file = "awscrt-0.24.1-cp311-abi3-manylinux_2_17_aarch64.manylinux2014_aarch64.whl", hash = "sha256:04f44432a5bfd53c731951edf0d584edc0c7e0aa5e10c759f9270efaa9a4936e"},
    {file = "awscrt-0.24.1-cp311-abi3-manylinux_2_17_x86_64.manylinux2014_x86_64.whl", hash = "sha256:6e2b0bf8c0854b8fed7b85ecb6fb6be0e6b9d2c2b99b4b0db3344c0cada28f62"},
    {file = "awscrt-0.24.1-cp311-abi3-musllinux_1_1_aarch64.whl", hash = "sha256:a230072e1f2309acb936718d47a6db9aae01c210ec1f57dfe837d90f59e92299"},
    {file = "awscrt-0.24.1-cp311-abi3-musllinux_1_1_x86_64.whl", hash = "sha256:fac4c42a36f8c5e8a74ed6e3112ead3dcdcf71fc6acd5165517f4664d491b087"},
    {file = "awscrt-0.24.1-cp311-abi3-win32.whl", hash = "sha256:61769876d963d752bdc4fb84abf1b204c88caad633fdd4854152b3c8aa0a75e1"},
    {file = "awscrt-0.24.1-cp311-abi3-win_amd64.whl", hash = "sha256:600f3c9113fe4db067098008420e6364d4769e2084c6a22c7669907910c3e764"},
    {file = "awscrt-0.24.1-cp313-abi3-macosx_10_13_universal2.whl", hash = "sha256:68ec9ff3b78a8389c2a8ab55a4c49ee4c4c30b6cebd82a1a7a394d83925f8577"},
    {file = "awscrt-0.24.1-cp313-abi3-manylinux_2_17_aarch64.manylinux2014_aarch64.whl", hash = "sha256:a09861a0519adfbe901a676910b1e3a17055d1f384c02174801e95d85a8c2a77"},
    {file = "awscrt-0.24.1-cp313-abi3-manylinux_2_17_x86_64.manylinux2014_x86_64.whl", hash = "sha256:0f9ef1b9066a54aebbaf0ef8bbc01a8d622f6b89777ec12c47397ca48894bf1d"},
    {file = "awscrt-0.24.1-cp313-abi3-musllinux_1_1_aarch64.whl", hash = "sha256:65839027a1ccd257fd86f98dadc2b80eb541e3a5935ca33c089fc728bf4156c4"},
    {file = "awscrt-0.24.1-cp313-abi3-musllinux_1_1_x86_64.whl", hash = "sha256:1fbff366af115b2e8853112617e78e2e5c27de4307446bedd294ad75d859f6c4"},
    {file = "awscrt-0.24.1-cp313-abi3-win32.whl", hash = "sha256:d3d80bcc2446a1aaa3a8d80ba45cf876e9778a9cd48312a9730020be2e8f1ab4"},
    {file = "awscrt-0.24.1-cp313-abi3-win_amd64.whl", hash = "sha256:004e45fecde5197472f217a1b48e0d19d55eaee8675ebe8c1a232d6686e36240"},
    {file = "awscrt-0.24.1-cp38-cp38-macosx_10_9_x86_64.whl", hash = "sha256:340f7cc44fcbd24a8c8673aeca8400b0457709aeb75f00ed53c2e6790cf6be9c"},
    {file = "awscrt-0.24.1-cp38-cp38-manylinux_2_17_aarch64.manylinux2014_aarch64.whl", hash = "sha256:31c0c42871ef85f0465cfc25a41c4cfffb0b1d82f67cc6e7345492b2ef0c5e96"},
    {file = "awscrt-0.24.1-cp38-cp38-manylinux_2_17_x86_64.manylinux2014_x86_64.whl", hash = "sha256:a39b675e867fcf8327d20cb3ba57625503ea7a73d6d3b8e5c61f3bf3ae4a69a7"},
    {file = "awscrt-0.24.1-cp38-cp38-manylinux_2_5_i686.manylinux1_i686.whl", hash = "sha256:dfe46cc2e247ba5989438fbbb89463025a8afebc842acee3495d774c0d50e15b"},
    {file = "awscrt-0.24.1-cp38-cp38-manylinux_2_5_x86_64.manylinux1_x86_64.whl", hash = "sha256:5e8655df782591082681cd13ad924715ce1216dec286596443a08396bfed352d"},
    {file = "awscrt-0.24.1-cp38-cp38-musllinux_1_1_aarch64.whl", hash = "sha256:f91e5262746a821cbf3abd7fae1e3791de225c5fbcd8666f0a243b7b578f9b11"},
    {file = "awscrt-0.24.1-cp38-cp38-musllinux_1_1_x86_64.whl", hash = "sha256:f57d900be776894ae6b2aaa8ec27456c98434aedb21fe9a5aa72d8aa044a790f"},
    {file = "awscrt-0.24.1-cp38-cp38-win32.whl", hash = "sha256:00bbc79a9d80948eae77f11f780a4027b1273b1f00d8d0f3cdbed7b27df36563"},
    {file = "awscrt-0.24.1-cp38-cp38-win_amd64.whl", hash = "sha256:3fd0e160be18fda1a24f4facf95849553067aafeb3ac1a6f0e3ed56c2dc08240"},
    {file = "awscrt-0.24.1-cp39-cp39-macosx_10_9_universal2.whl", hash = "sha256:fb090f58dce481cc58db6ae980f0d2d843564b45d656e037fee3ca4fad4009ff"},
    {file = "awscrt-0.24.1-cp39-cp39-manylinux_2_17_aarch64.manylinux2014_aarch64.whl", hash = "sha256:6da49ce3822e8fa0ee79ae867e74e601475fb4a9e491cbc2fe458ca2b5a6035a"},
    {file = "awscrt-0.24.1-cp39-cp39-manylinux_2_17_x86_64.manylinux2014_x86_64.whl", hash = "sha256:b6b976ef8b44deec24b8ab454ab877a1d787d948bb9ef382d676a5e9c5141669"},
    {file = "awscrt-0.24.1-cp39-cp39-manylinux_2_5_i686.manylinux1_i686.whl", hash = "sha256:433dd650d979136b6facf1ddf91dc8d434438f84128fb65fed7d1a105ec30304"},
    {file = "awscrt-0.24.1-cp39-cp39-manylinux_2_5_x86_64.manylinux1_x86_64.whl", hash = "sha256:a0cab91e8d303537ef2b6d473ba50a39d15073577e0560e86879d397b506d3c7"},
    {file = "awscrt-0.24.1-cp39-cp39-musllinux_1_1_aarch64.whl", hash = "sha256:0d5ce5bac649ebcaff883fd470bd7fd36330c4ed105594cf1883b3c37941c021"},
    {file = "awscrt-0.24.1-cp39-cp39-musllinux_1_1_x86_64.whl", hash = "sha256:4017013a1beff043e3730c34827f43ae0d0332a7fb4a070ab82bbaa054c2901f"},
    {file = "awscrt-0.24.1-cp39-cp39-win32.whl", hash = "sha256:44db5b6f51dc7b1e102129bf4e33cdd1944228da0e1162c14ba2792ebfb24349"},
    {file = "awscrt-0.24.1-cp39-cp39-win_amd64.whl", hash = "sha256:4136de8077f7b60f252ccd792f9ee9aa84c0d76278dbb84a31dc42c2142f86b7"},
    {file = "awscrt-0.24.1.tar.gz", hash = "sha256:67f221fa3ab6cc4631531a63cf0e5bb2dad3bb9baa4a5d3ae10c30968e5b7829"},
]

[[package]]
name = "awsiotsdk"
version = "1.22.2"
description = "AWS IoT SDK based on the AWS Common Runtime"
optional = false
python-versions = ">=3.7"
files = [
    {file = "awsiotsdk-1.22.2-py3-none-any.whl", hash = "sha256:48406dab40ec8855c7fd659bc37ce225bfe5eb95332e2a46bc4dfe1bd0e7109b"},
    {file = "awsiotsdk-1.22.2.tar.gz", hash = "sha256:ceffd5aa4eaf28da17103f50950a7975b51f0a6b9ca4bc016fd16c73aad39ae2"},
]

[package.dependencies]
awscrt = "0.24.1"

[[package]]
name = "boto3"
version = "1.38.32"
description = "The AWS SDK for Python"
optional = false
python-versions = ">=3.9"
files = [
    {file = "boto3-1.38.32-py3-none-any.whl", hash = "sha256:b998edac72f6740bd5d9d585cf3880f2dfeb4842e626b34430fd0e9623378011"},
    {file = "boto3-1.38.32.tar.gz", hash = "sha256:3faa2c328a61745f3215a63039606a6fcf55d9afe1cc76e3a5e27b9db58cdbf6"},
]

[package.dependencies]
botocore = ">=1.38.32,<1.39.0"
jmespath = ">=0.7.1,<2.0.0"
s3transfer = ">=0.13.0,<0.14.0"

[package.extras]
crt = ["botocore[crt] (>=1.21.0,<2.0a0)"]

[[package]]
name = "botocore"
version = "1.38.32"
description = "Low-level, data-driven core of boto 3."
optional = false
python-versions = ">=3.9"
files = [
    {file = "botocore-1.38.32-py3-none-any.whl", hash = "sha256:64ab919a5d8b74dd73eaac1f978d0e674d11ff3bbe8815c3d2982477be9a082c"},
    {file = "botocore-1.38.32.tar.gz", hash = "sha256:0899a090e352cb5eeaae2c7bb52a987b469d23912c7ece86664dfb5c2e074978"},
]

[package.dependencies]
jmespath = ">=0.7.1,<2.0.0"
python-dateutil = ">=2.1,<3.0.0"
urllib3 = {version = ">=1.25.4,<2.2.0 || >2.2.0,<3", markers = "python_version >= \"3.10\""}

[package.extras]
crt = ["awscrt (==0.23.8)"]

[[package]]
name = "colorzero"
version = "2.0"
description = "Yet another Python color library"
optional = false
python-versions = "*"
files = [
    {file = "colorzero-2.0-py2.py3-none-any.whl", hash = "sha256:0e60d743a6b8071498a56465f7719c96a5e92928f858bab1be2a0d606c9aa0f8"},
    {file = "colorzero-2.0.tar.gz", hash = "sha256:e7d5a5c26cd0dc37b164ebefc609f388de24f8593b659191e12d85f8f9d5eb58"},
]

[package.dependencies]
setuptools = "*"

[package.extras]
doc = ["pkginfo", "sphinx", "sphinx-rtd-theme"]
test = ["pytest", "pytest-cov"]

[[package]]
name = "gpiozero"
version = "2.0.1"
description = "A simple interface to GPIO devices with Raspberry Pi"
optional = false
python-versions = ">=3.9"
files = [
    {file = "gpiozero-2.0.1-py3-none-any.whl", hash = "sha256:8f621de357171d574c0b7ea0e358cb66e560818a47b0eeedf41ce1cdbd20c70b"},
    {file = "gpiozero-2.0.1.tar.gz", hash = "sha256:d4ea1952689ec7e331f9d4ebc9adb15f1d01c2c9dcfabb72e752c9869ab7e97e"},
]

[package.dependencies]
colorzero = "*"

[package.extras]
doc = ["sphinx (>=4.0)", "sphinx-rtd-theme (>=1.0)"]
test = ["pytest", "pytest-cov"]

[[package]]
name = "jmespath"
version = "1.0.1"
description = "JSON Matching Expressions"
optional = false
python-versions = ">=3.7"
files = [
    {file = "jmespath-1.0.1-py3-none-any.whl", hash = "sha256:02e2e4cc71b5bcab88332eebf907519190dd9e6e82107fa7f83b1003a6252980"},
    {file = "jmespath-1.0.1.tar.gz", hash = "sha256:90261b206d6defd58fdd5e85f478bf633a2901798906be2ad389150c5c60edbe"},
]

[[package]]
name = "python-dateutil"
version = "2.9.0.post0"
description = "Extensions to the standard Python datetime module"
optional = false
python-versions = "!=3.0.*,!=3.1.*,!=3.2.*,>=2.7"
files = [
    {file = "python-dateutil-2.9.0.post0.tar.gz", hash = "sha256:37dd54208da7e1cd875388217d5e00ebd4179249f90fb72437e91a35459a0ad3"},
    {file = "python_dateutil-2.9.0.post0-py2.py3-none-any.whl", hash = "sha256:a8b2bc7bffae282281c8140a97d3aa9c14da0b136dfe83f850eea9a5f7470427"},
]

[package.dependencies]
six = ">=1.5"

[[package]]
name = "s3transfer"
version = "0.13.0"
description = "An Amazon S3 Transfer Manager"
optional = false
python-versions = ">=3.9"
files = [
    {file = "s3transfer-0.13.0-py3-none-any.whl", hash = "sha256:0148ef34d6dd964d0d8cf4311b2b21c474693e57c2e069ec708ce043d2b527be"},
    {file = "s3transfer-0.13.0.tar.gz", hash = "sha256:f5e6db74eb7776a37208001113ea7aa97695368242b364d73e91c981ac522177"},
]

[package.dependencies]
botocore = ">=1.37.4,<2.0a.0"

[package.extras]
crt = ["botocore[crt] (>=1.37.4,<2.0a.0)"]

[[package]]
name = "setuptools"
version = "80.9.0"
description = "Easily download, build, install, upgrade, and uninstall Python packages"
optional = false
python-versions = ">=3.9"
files = [
    {file = "setuptools-80.9.0-py3-none-any.whl", hash = "sha256:062d34222ad13e0cc312a4c02d73f059e86a4acbfbdea8f8f76b28c99f306922"},
    {file = "setuptools-80.9.0.tar.gz", hash = "sha256:f36b47402ecde768dbfafc46e8e4207b4360c654f1f3bb84475f0a28628fb19c"},
]

[package.extras]
check = ["pytest-checkdocs (>=2.4)", "pytest-ruff (>=0.2.1)", "ruff (>=0.8.0)"]
core = ["importlib_metadata (>=6)", "jaraco.functools (>=4)", "jaraco.text (>=3.7)", "more_itertools", "more_itertools (>=8.8)", "packaging (>=24.2)", "platformdirs (>=4.2.2)", "tomli (>=2.0.1)", "wheel (>=0.43.0)"]
cover = ["pytest-cov"]
doc = ["furo", "jaraco.packaging (>=9.3)", "jaraco.tidelift (>=1.4)", "pygments-github-lexers (==0.0.5)", "pyproject-hooks (!=1.1)", "rst.linker (>=1.9)", "sphinx (>=3.5)", "sphinx-favicon", "sphinx-inline-tabs", "sphinx-lint", "sphinx-notfound-page (>=1,<2)", "sphinx-reredirects", "sphinxcontrib-towncrier", "towncrier (<24.7)"]
enabler = ["pytest-enabler (>=2.2)"]
test = ["build[virtualenv] (>=1.0.3)", "filelock (>=3.4.0)", "ini2toml[lite] (>=0.14)", "jaraco.develop (>=7.21)", "jaraco.envs (>=2.2)", "jaraco.path (>=3.7.2)", "jaraco.test (>=5.5)", "packaging (>=24.2)", "pip (>=19.1)", "pyproject-hooks (!=1.1)", "pytest (>=6,!=8.1.*)", "pytest-home (>=0.5)", "pytest-perf", "pytest-subprocess", "pytest-timeout", "pytest-xdist (>=3)", "tomli-w (>=1.0.0)", "virtualenv (>=13.0.0)", "wheel (>=0.44.0)"]
type = ["importlib_metadata (>=7.0.2)", "jaraco.develop (>=7.21)", "mypy (==1.14.*)", "pytest-mypy"]

[[package]]
name = "six"
version = "1.17.0"
description = "Python 2 and 3 compatibility utilities"
optional = false
python-versions = "!=3.0.*,!=3.1.*,!=3.2.*,>=2.7"
files = [
    {file = "six-1.17.0-py2.py3-none-any.whl", hash = "sha256:4721f391ed90541fddacab5acf947aa0d3dc7d27b2e1e8eda2be8970586c3274"},
    {file = "six-1.17.0.tar.gz", hash = "sha256:ff70335d468e7eb6ec65b95b99d3a2836546063f63acc5171de367e834932a81"},
]

[[package]]
name = "urllib3"
version = "2.4.0"
description = "HTTP library with thread-safe connection pooling, file post, and more."
optional = false
python-versions = ">=3.9"
files = [
    {file = "urllib3-2.4.0-py3-none-any.whl", hash = "sha256:4e16665048960a0900c702d4a66415956a584919c03361cac9f1df5c5dd7e813"},
    {file = "urllib3-2.4.0.tar.gz", hash = "sha256:414bc6535b787febd7567804cc015fee39daab8ad86268f1310a9250697de466"},
]

[package.extras]
brotli = ["brotli (>=1.0.9)", "brotlicffi (>=0.8.0)"]
h2 = ["h2 (>=4,<5)"]
socks = ["pysocks (>=1.5.6,!=1.5.7,<2.0)"]
zstd = ["zstandard (>=0.18.0)"]

[metadata]
lock-version = "2.0"
python-versions = "3.12.10"
content-hash = "5a9dc814d63941b0ac14e63e41dd78cecad27fb894e9c1f6fc0947dc8269eb78"
